
Microsoft Visual Studio Solution File, Format Version 12.00
# Visual Studio Version 16
VisualStudioVersion = 16.0.31515.178
MinimumVisualStudioVersion = 10.0.40219.1
Project("{FAE04EC0-301F-11D3-BF4B-00C04F79EFBC}") = "IdleNotifier.Main", "IdleNotifier\IdleNotifier.Main.csproj", "{B8819EA9-04A4-4704-8830-75A135309900}"
EndProject
Project("{FAE04EC0-301F-11D3-BF4B-00C04F79EFBC}") = "Win32API", "Win32API\Win32API.csproj", "{95510CB2-83A4-4AB3-B356-DDD3B41E1BFC}"
EndProject
Global
	GlobalSection(SolutionConfigurationPlatforms) = preSolution
		Debug|Any CPU = Debug|Any CPU
		Release|Any CPU = Release|Any CPU
	EndGlobalSection
	GlobalSection(ProjectConfigurationPlatforms) = postSolution
		{B8819EA9-04A4-4704-8830-75A135309900}.Debug|Any CPU.ActiveCfg = Debug|Any CPU
		{B8819EA9-04A4-4704-8830-75A135309900}.Debug|Any CPU.Build.0 = Debug|Any CPU
		{B8819EA9-04A4-4704-8830-75A135309900}.Release|Any CPU.ActiveCfg = Release|Any CPU
		{B8819EA9-04A4-4704-8830-75A135309900}.Release|Any CPU.Build.0 = Release|Any CPU
		{95510CB2-83A4-4AB3-B356-DDD3B41E1BFC}.Debug|Any CPU.ActiveCfg = Debug|Any CPU
		{95510CB2-83A4-4AB3-B356-DDD3B41E1BFC}.Debug|Any CPU.Build.0 = Debug|Any CPU
		{95510CB2-83A4-4AB3-B356-DDD3B41E1BFC}.Release|Any CPU.ActiveCfg = Release|Any CPU
		{95510CB2-83A4-4AB3-B356-DDD3B41E1BFC}.Release|Any CPU.Build.0 = Release|Any CPU
	EndGlobalSection
	GlobalSection(SolutionProperties) = preSolution
		HideSolutionNode = FALSE
	EndGlobalSection
	GlobalSection(ExtensibilityGlobals) = postSolution
		SolutionGuid = {37D6AB71-2BF5-42B5-8453-171049FBB3BA}
	EndGlobalSection
EndGlobal
